
Microsoft Visual Studio Solution File, Format Version 12.00
# Visual Studio Version 17
VisualStudioVersion = 17.0.31903.59
MinimumVisualStudioVersion = 10.0.40219.1
Project("{2150E333-8FDC-42A3-9474-1A3956D46DE8}") = "src", "src", "{827E0CD3-B72D-47B6-A68D-7590B98EB39B}"
EndProject
Project("{2150E333-8FDC-42A3-9474-1A3956D46DE8}") = "monolith", "monolith", "{729A333E-ABD6-BEB7-26CA-C39A7539F140}"
EndProject
Project("{FAE04EC0-301F-11D3-BF4B-00C04F79EFBC}") = "Monolith", "src\monolith\Monolith.csproj", "{32F3274F-A595-4023-8AA6-88441491DCF1}"
EndProject
Project("{FAE04EC0-301F-11D3-BF4B-00C04F79EFBC}") = "MoviesService", "src\microservices\movies\MoviesService.csproj", "{A220ADE2-8E01-4E0C-B9BD-6D7E92863633}"
EndProject
Global
	GlobalSection(SolutionConfigurationPlatforms) = preSolution
		Debug|Any CPU = Debug|Any CPU
		Debug|x64 = Debug|x64
		Debug|x86 = Debug|x86
		Release|Any CPU = Release|Any CPU
		Release|x64 = Release|x64
		Release|x86 = Release|x86
	EndGlobalSection
	GlobalSection(ProjectConfigurationPlatforms) = postSolution
		{32F3274F-A595-4023-8AA6-88441491DCF1}.Debug|Any CPU.ActiveCfg = Debug|Any CPU
		{32F3274F-A595-4023-8AA6-88441491DCF1}.Debug|Any CPU.Build.0 = Debug|Any CPU
		{32F3274F-A595-4023-8AA6-88441491DCF1}.Debug|x64.ActiveCfg = Debug|Any CPU
		{32F3274F-A595-4023-8AA6-88441491DCF1}.Debug|x64.Build.0 = Debug|Any CPU
		{32F3274F-A595-4023-8AA6-88441491DCF1}.Debug|x86.ActiveCfg = Debug|Any CPU
		{32F3274F-A595-4023-8AA6-88441491DCF1}.Debug|x86.Build.0 = Debug|Any CPU
		{32F3274F-A595-4023-8AA6-88441491DCF1}.Release|Any CPU.ActiveCfg = Release|Any CPU
		{32F3274F-A595-4023-8AA6-88441491DCF1}.Release|Any CPU.Build.0 = Release|Any CPU
		{32F3274F-A595-4023-8AA6-88441491DCF1}.Release|x64.ActiveCfg = Release|Any CPU
		{32F3274F-A595-4023-8AA6-88441491DCF1}.Release|x64.Build.0 = Release|Any CPU
		{32F3274F-A595-4023-8AA6-88441491DCF1}.Release|x86.ActiveCfg = Release|Any CPU
		{32F3274F-A595-4023-8AA6-88441491DCF1}.Release|x86.Build.0 = Release|Any CPU
		{A220ADE2-8E01-4E0C-B9BD-6D7E92863633}.Debug|Any CPU.ActiveCfg = Debug|Any CPU
		{A220ADE2-8E01-4E0C-B9BD-6D7E92863633}.Debug|Any CPU.Build.0 = Debug|Any CPU
		{A220ADE2-8E01-4E0C-B9BD-6D7E92863633}.Debug|x64.ActiveCfg = Debug|Any CPU
		{A220ADE2-8E01-4E0C-B9BD-6D7E92863633}.Debug|x64.Build.0 = Debug|Any CPU
		{A220ADE2-8E01-4E0C-B9BD-6D7E92863633}.Debug|x86.ActiveCfg = Debug|Any CPU
		{A220ADE2-8E01-4E0C-B9BD-6D7E92863633}.Debug|x86.Build.0 = Debug|Any CPU
		{A220ADE2-8E01-4E0C-B9BD-6D7E92863633}.Release|Any CPU.ActiveCfg = Release|Any CPU
		{A220ADE2-8E01-4E0C-B9BD-6D7E92863633}.Release|Any CPU.Build.0 = Release|Any CPU
		{A220ADE2-8E01-4E0C-B9BD-6D7E92863633}.Release|x64.ActiveCfg = Release|Any CPU
		{A220ADE2-8E01-4E0C-B9BD-6D7E92863633}.Release|x64.Build.0 = Release|Any CPU
		{A220ADE2-8E01-4E0C-B9BD-6D7E92863633}.Release|x86.ActiveCfg = Release|Any CPU
		{A220ADE2-8E01-4E0C-B9BD-6D7E92863633}.Release|x86.Build.0 = Release|Any CPU
	EndGlobalSection
	GlobalSection(SolutionProperties) = preSolution
		HideSolutionNode = FALSE
	EndGlobalSection
	GlobalSection(NestedProjects) = preSolution
		{729A333E-ABD6-BEB7-26CA-C39A7539F140} = {827E0CD3-B72D-47B6-A68D-7590B98EB39B}
		{32F3274F-A595-4023-8AA6-88441491DCF1} = {729A333E-ABD6-BEB7-26CA-C39A7539F140}
		{A220ADE2-8E01-4E0C-B9BD-6D7E92863633} = {729A333E-ABD6-BEB7-26CA-C39A7539F140}
	EndGlobalSection
EndGlobal
